
Microsoft Visual Studio Solution File, Format Version 12.00
# Visual Studio 14
VisualStudioVersion = 14.0.25420.1
MinimumVisualStudioVersion = 10.0.40219.1
Project("{FAE04EC0-301F-11D3-BF4B-00C04F79EFBC}") = "UDPIM", "UDPIM\UDPIM.csproj", "{4C1EE6E1-85BF-438C-91B3-0F694C22A50A}"
EndProject
Project("{FAE04EC0-301F-11D3-BF4B-00C04F79EFBC}") = "UDPIMClient", "UDPIMClient\UDPIMClient.csproj", "{8C2078A7-25A7-48C1-88C2-B7D060FEA1F9}"
EndProject
Project("{FAE04EC0-301F-11D3-BF4B-00C04F79EFBC}") = "Model", "Model\Model.csproj", "{FE17CA39-13A7-4862-8FF9-B913725A52AD}"
EndProject
Project("{FAE04EC0-301F-11D3-BF4B-00C04F79EFBC}") = "UdpSendFile", "UdpSendFile\UdpSendFile.csproj", "{DF0DB212-1AC3-4C6C-BC72-8A62166E4969}"
EndProject
Project("{FAE04EC0-301F-11D3-BF4B-00C04F79EFBC}") = "UDPIMRegister", "UDPIMRegister\UDPIMRegister.csproj", "{788B3B2D-339C-4FBE-86AE-F40CFF3B7B03}"
EndProject
Project("{FAE04EC0-301F-11D3-BF4B-00C04F79EFBC}") = "KeyboardIdentify", "KeyboardIdentify\KeyboardIdentify.csproj", "{008E23C0-0F8F-4945-9493-2BDF1F167060}"
EndProject
Project("{FAE04EC0-301F-11D3-BF4B-00C04F79EFBC}") = "ModelTests", "ModelTests\ModelTests.csproj", "{A39A440C-2135-44F1-9FBD-41A383E0069D}"
EndProject
Global
	GlobalSection(SolutionConfigurationPlatforms) = preSolution
		Debug|Any CPU = Debug|Any CPU
		Release|Any CPU = Release|Any CPU
	EndGlobalSection
	GlobalSection(ProjectConfigurationPlatforms) = postSolution
		{4C1EE6E1-85BF-438C-91B3-0F694C22A50A}.Debug|Any CPU.ActiveCfg = Debug|Any CPU
		{4C1EE6E1-85BF-438C-91B3-0F694C22A50A}.Debug|Any CPU.Build.0 = Debug|Any CPU
		{4C1EE6E1-85BF-438C-91B3-0F694C22A50A}.Release|Any CPU.ActiveCfg = Release|Any CPU
		{4C1EE6E1-85BF-438C-91B3-0F694C22A50A}.Release|Any CPU.Build.0 = Release|Any CPU
		{8C2078A7-25A7-48C1-88C2-B7D060FEA1F9}.Debug|Any CPU.ActiveCfg = Debug|Any CPU
		{8C2078A7-25A7-48C1-88C2-B7D060FEA1F9}.Debug|Any CPU.Build.0 = Debug|Any CPU
		{8C2078A7-25A7-48C1-88C2-B7D060FEA1F9}.Release|Any CPU.ActiveCfg = Release|Any CPU
		{8C2078A7-25A7-48C1-88C2-B7D060FEA1F9}.Release|Any CPU.Build.0 = Release|Any CPU
		{FE17CA39-13A7-4862-8FF9-B913725A52AD}.Debug|Any CPU.ActiveCfg = Debug|Any CPU
		{FE17CA39-13A7-4862-8FF9-B913725A52AD}.Debug|Any CPU.Build.0 = Debug|Any CPU
		{FE17CA39-13A7-4862-8FF9-B913725A52AD}.Release|Any CPU.ActiveCfg = Release|Any CPU
		{FE17CA39-13A7-4862-8FF9-B913725A52AD}.Release|Any CPU.Build.0 = Release|Any CPU
		{DF0DB212-1AC3-4C6C-BC72-8A62166E4969}.Debug|Any CPU.ActiveCfg = Debug|Any CPU
		{DF0DB212-1AC3-4C6C-BC72-8A62166E4969}.Debug|Any CPU.Build.0 = Debug|Any CPU
		{DF0DB212-1AC3-4C6C-BC72-8A62166E4969}.Release|Any CPU.ActiveCfg = Release|Any CPU
		{DF0DB212-1AC3-4C6C-BC72-8A62166E4969}.Release|Any CPU.Build.0 = Release|Any CPU
		{788B3B2D-339C-4FBE-86AE-F40CFF3B7B03}.Debug|Any CPU.ActiveCfg = Debug|Any CPU
		{788B3B2D-339C-4FBE-86AE-F40CFF3B7B03}.Debug|Any CPU.Build.0 = Debug|Any CPU
		{788B3B2D-339C-4FBE-86AE-F40CFF3B7B03}.Release|Any CPU.ActiveCfg = Release|Any CPU
		{788B3B2D-339C-4FBE-86AE-F40CFF3B7B03}.Release|Any CPU.Build.0 = Release|Any CPU
		{008E23C0-0F8F-4945-9493-2BDF1F167060}.Debug|Any CPU.ActiveCfg = Debug|Any CPU
		{008E23C0-0F8F-4945-9493-2BDF1F167060}.Debug|Any CPU.Build.0 = Debug|Any CPU
		{008E23C0-0F8F-4945-9493-2BDF1F167060}.Release|Any CPU.ActiveCfg = Release|Any CPU
		{008E23C0-0F8F-4945-9493-2BDF1F167060}.Release|Any CPU.Build.0 = Release|Any CPU
		{A39A440C-2135-44F1-9FBD-41A383E0069D}.Debug|Any CPU.ActiveCfg = Debug|Any CPU
		{A39A440C-2135-44F1-9FBD-41A383E0069D}.Debug|Any CPU.Build.0 = Debug|Any CPU
		{A39A440C-2135-44F1-9FBD-41A383E0069D}.Release|Any CPU.ActiveCfg = Release|Any CPU
		{A39A440C-2135-44F1-9FBD-41A383E0069D}.Release|Any CPU.Build.0 = Release|Any CPU
	EndGlobalSection
	GlobalSection(SolutionProperties) = preSolution
		HideSolutionNode = FALSE
	EndGlobalSection
EndGlobal
